
Microsoft Visual Studio Solution File, Format Version 11.00
# Visual Studio 2010
# SharpDevelop 4.4
Project("{FAE04EC0-301F-11D3-BF4B-00C04F79EFBC}") = "GenMeth", "GenMeth\GenMeth.csproj", "{977C0625-E070-4C2C-91FF-D21D299E0BDF}"
EndProject
Global
	GlobalSection(SolutionConfigurationPlatforms) = preSolution
		Debug|Any CPU = Debug|Any CPU
		Release|Any CPU = Release|Any CPU
	EndGlobalSection
	GlobalSection(ProjectConfigurationPlatforms) = postSolution
		{977C0625-E070-4C2C-91FF-D21D299E0BDF}.Debug|Any CPU.Build.0 = Debug|Any CPU
		{977C0625-E070-4C2C-91FF-D21D299E0BDF}.Debug|Any CPU.ActiveCfg = Debug|Any CPU
		{977C0625-E070-4C2C-91FF-D21D299E0BDF}.Release|Any CPU.Build.0 = Release|Any CPU
		{977C0625-E070-4C2C-91FF-D21D299E0BDF}.Release|Any CPU.ActiveCfg = Release|Any CPU
	EndGlobalSection
EndGlobal
